{
  "name": "serverless",
  "version": "1.0.0",
  "lockfileVersion": 1,
  "requires": true,
  "dependencies": {
    "lodash": {
      "version": "4.17.15",
      "resolved": "https://registry.npmjs.org/lodash/-/lodash-4.17.15.tgz",
      "integrity": "sha512-8xOcRHvCjnocdS5cpwXQXVzmmh5e5+saE2QGoeQmbKmRS6J3VQppPOIt0MnmE+4xlZoumy0GPG0D0MVIQbNA1A==",
      "dev": true
    },
    "serverless-iam-roles-per-function": {
      "version": "2.0.2",
      "resolved": "https://registry.npmjs.org/serverless-iam-roles-per-function/-/serverless-iam-roles-per-function-2.0.2.tgz",
      "integrity": "sha512-3zv4Af3x7KJHC4fuJMHniEEstCljMghReaYIg94Spdsqkhiy8GJ3yfJ5Jy+wiG/DvyObK91JJNMjLhDnDc+vCQ==",
      "dev": true,
      "requires": {
        "lodash": "^4.17.15"
      }
    }
  }
}
